
Microsoft Visual Studio Solution File, Format Version 12.00
# Visual Studio Version 16
VisualStudioVersion = 16.0.31911.196
MinimumVisualStudioVersion = 10.0.40219.1
Project("{FAE04EC0-301F-11D3-BF4B-00C04F79EFBC}") = "XX", "XX\XX.csproj", "{0194C81C-2DF7-457C-B541-FEFCA927C21B}"
EndProject
Project("{FAE04EC0-301F-11D3-BF4B-00C04F79EFBC}") = "XX -b", "XX -b\XX -b.csproj", "{1CD90408-422B-4104-AF83-FBAB29F6D2E7}"
EndProject
Project("{FAE04EC0-301F-11D3-BF4B-00C04F79EFBC}") = "XX -  v", "XX -  v\XX -  v.csproj", "{7DF5B0C3-4B2D-4CAA-9144-4ED6FB53B10E}"
EndProject
Global
	GlobalSection(SolutionConfigurationPlatforms) = preSolution
		Debug|Any CPU = Debug|Any CPU
		Release|Any CPU = Release|Any CPU
	EndGlobalSection
	GlobalSection(ProjectConfigurationPlatforms) = postSolution
		{0194C81C-2DF7-457C-B541-FEFCA927C21B}.Debug|Any CPU.ActiveCfg = Debug|Any CPU
		{0194C81C-2DF7-457C-B541-FEFCA927C21B}.Debug|Any CPU.Build.0 = Debug|Any CPU
		{0194C81C-2DF7-457C-B541-FEFCA927C21B}.Release|Any CPU.ActiveCfg = Release|Any CPU
		{0194C81C-2DF7-457C-B541-FEFCA927C21B}.Release|Any CPU.Build.0 = Release|Any CPU
		{1CD90408-422B-4104-AF83-FBAB29F6D2E7}.Debug|Any CPU.ActiveCfg = Debug|Any CPU
		{1CD90408-422B-4104-AF83-FBAB29F6D2E7}.Debug|Any CPU.Build.0 = Debug|Any CPU
		{1CD90408-422B-4104-AF83-FBAB29F6D2E7}.Release|Any CPU.ActiveCfg = Release|Any CPU
		{1CD90408-422B-4104-AF83-FBAB29F6D2E7}.Release|Any CPU.Build.0 = Release|Any CPU
		{7DF5B0C3-4B2D-4CAA-9144-4ED6FB53B10E}.Debug|Any CPU.ActiveCfg = Debug|Any CPU
		{7DF5B0C3-4B2D-4CAA-9144-4ED6FB53B10E}.Debug|Any CPU.Build.0 = Debug|Any CPU
		{7DF5B0C3-4B2D-4CAA-9144-4ED6FB53B10E}.Release|Any CPU.ActiveCfg = Release|Any CPU
		{7DF5B0C3-4B2D-4CAA-9144-4ED6FB53B10E}.Release|Any CPU.Build.0 = Release|Any CPU
	EndGlobalSection
	GlobalSection(SolutionProperties) = preSolution
		HideSolutionNode = FALSE
	EndGlobalSection
	GlobalSection(ExtensibilityGlobals) = postSolution
		SolutionGuid = {643FEF6A-6E2B-492C-95BA-18A4CF25575F}
	EndGlobalSection
EndGlobal
